{
  "name": "shop",
  "version": "1.0.0",
  "lockfileVersion": 3,
  "requires": true,
  "packages": {
    "": {
      "name": "shop",
      "version": "1.0.0",
      "license": "UNLICENSED",
      "dependencies": {
        "@fontsource/dm-sans": "^5.2.8",
        "@fontsource/rubik": "^5.2.8"
      }
    },
    "node_modules/@fontsource/dm-sans": {
      "version": "5.2.8",
      "resolved": "https://registry.npmjs.org/@fontsource/dm-sans/-/dm-sans-5.2.8.tgz",
      "integrity": "sha512-tlovG42m9ESG28WiHpLq3F5umAlm64rv0RkqTbYowRn70e9OlRr5a3yTJhrhrY+k5lftR/OFJjPzOLQzk8EfCA==",
      "license": "OFL-1.1",
      "funding": {
        "url": "https://github.com/sponsors/ayuhito"
      }
    },
    "node_modules/@fontsource/rubik": {
      "version": "5.2.8",
      "resolved": "https://registry.npmjs.org/@fontsource/rubik/-/rubik-5.2.8.tgz",
      "integrity": "sha512-PIc8QR7FqWPcYhbdRiGff56vQlKqg/ytES1YqecSq1GkgxiH4TBshrFvDEOZ9JonUF9m1qQ+qXxJj7wD5zgXEw==",
      "license": "OFL-1.1",
      "funding": {
        "url": "https://github.com/sponsors/ayuhito"
      }
    }
  }
}
